
Microsoft Visual Studio Solution File, Format Version 12.00
# Visual Studio 2017
Project("{FAE04EC0-301F-11D3-BF4B-00C04F79EFBC}") = "DG410516748.Plugins", "DG410516748.Plugins.csproj", "{9BC0E89B-3845-8204-C332-AC76A26E759D}"
EndProject
Project("{FAE04EC0-301F-11D3-BF4B-00C04F79EFBC}") = "DG410516748", "DG410516748.csproj", "{5448E96D-9A4C-CFF7-9417-D2B452EE182D}"
EndProject
Project("{FAE04EC0-301F-11D3-BF4B-00C04F79EFBC}") = "DG410516748.Editor.Plugins", "DG410516748.Editor.Plugins.csproj", "{554979C7-C343-A7FB-E01B-8C62877FD4E6}"
EndProject
Global
	GlobalSection(SolutionConfigurationPlatforms) = preSolution
		Debug|Any CPU = Debug|Any CPU
		Release|Any CPU = Release|Any CPU
	EndGlobalSection
	GlobalSection(ProjectConfigurationPlatforms) = postSolution
		{9BC0E89B-3845-8204-C332-AC76A26E759D}.Debug|Any CPU.ActiveCfg = Debug|Any CPU
		{9BC0E89B-3845-8204-C332-AC76A26E759D}.Debug|Any CPU.Build.0 = Debug|Any CPU
		{9BC0E89B-3845-8204-C332-AC76A26E759D}.Release|Any CPU.ActiveCfg = Release|Any CPU
		{9BC0E89B-3845-8204-C332-AC76A26E759D}.Release|Any CPU.Build.0 = Release|Any CPU
		{5448E96D-9A4C-CFF7-9417-D2B452EE182D}.Debug|Any CPU.ActiveCfg = Debug|Any CPU
		{5448E96D-9A4C-CFF7-9417-D2B452EE182D}.Debug|Any CPU.Build.0 = Debug|Any CPU
		{5448E96D-9A4C-CFF7-9417-D2B452EE182D}.Release|Any CPU.ActiveCfg = Release|Any CPU
		{5448E96D-9A4C-CFF7-9417-D2B452EE182D}.Release|Any CPU.Build.0 = Release|Any CPU
		{554979C7-C343-A7FB-E01B-8C62877FD4E6}.Debug|Any CPU.ActiveCfg = Debug|Any CPU
		{554979C7-C343-A7FB-E01B-8C62877FD4E6}.Debug|Any CPU.Build.0 = Debug|Any CPU
		{554979C7-C343-A7FB-E01B-8C62877FD4E6}.Release|Any CPU.ActiveCfg = Release|Any CPU
		{554979C7-C343-A7FB-E01B-8C62877FD4E6}.Release|Any CPU.Build.0 = Release|Any CPU
	EndGlobalSection
	GlobalSection(SolutionProperties) = preSolution
		HideSolutionNode = FALSE
	EndGlobalSection
EndGlobal
